
Microsoft Visual Studio Solution File, Format Version 12.00
# Visual Studio Version 17
VisualStudioVersion = 17.5.33530.505
MinimumVisualStudioVersion = 10.0.40219.1
Project("{9A19103F-16F7-4668-BE54-9A1E7A4F7556}") = "Domain", "Domain\Domain.csproj", "{965F69B0-6386-4A8A-A96A-73E7E3508707}"
EndProject
Project("{9A19103F-16F7-4668-BE54-9A1E7A4F7556}") = "InventoryOfProducts", "InventoryRepo\InventoryOfProducts.csproj", "{626E74DC-8EB1-411D-8F67-20A0169B97B7}"
EndProject
Project("{9A19103F-16F7-4668-BE54-9A1E7A4F7556}") = "SegmentAnalysis", "Segment\SegmentAnalysis.csproj", "{AAB6BDBF-7A27-4C53-9745-24ECDBCBEF26}"
EndProject
Project("{9A19103F-16F7-4668-BE54-9A1E7A4F7556}") = "ForecastAnalysis", "Forecast\ForecastAnalysis.csproj", "{C1105803-3D2F-4CE8-8C41-967A3FDB9C4B}"
EndProject
Project("{9A19103F-16F7-4668-BE54-9A1E7A4F7556}") = "CLI", "CLI\CLI.csproj", "{BBE0F58A-3B64-4E02-8870-7622B5145EDB}"
EndProject
Project("{9A19103F-16F7-4668-BE54-9A1E7A4F7556}") = "ProductBatchReader.Tests", "ProductBatchReader.Tests\ProductBatchReader.Tests.csproj", "{1CEA402D-C872-4364-A897-BAC971CE72FA}"
EndProject
Project("{9A19103F-16F7-4668-BE54-9A1E7A4F7556}") = "ProductBatchLoading", "ProductBatchLoading\ProductBatchLoading.csproj", "{A625D9BC-585A-4F89-B5C0-5B58A86888A0}"
EndProject
Project("{9A19103F-16F7-4668-BE54-9A1E7A4F7556}") = "ProductBatchReading", "ProductBatchReading\ProductBatchReading.csproj", "{93269E7A-9C45-45E4-8957-7C3FBBEB6A09}"
EndProject
Project("{9A19103F-16F7-4668-BE54-9A1E7A4F7556}") = "ReceiptOfSale.Tests", "ReceiptOfSale.Tests\ReceiptOfSale.Tests.csproj", "{DECACDC0-8D06-49BD-8FFF-A5A39AF6331F}"
EndProject
Project("{9A19103F-16F7-4668-BE54-9A1E7A4F7556}") = "ReceiptOfSale", "ReceiptOfSale\ReceiptOfSale.csproj", "{75B894A1-16A8-47BF-B055-88530D2AFDCC}"
EndProject
Project("{9A19103F-16F7-4668-BE54-9A1E7A4F7556}") = "Domain.Tests", "Domain.Tests\Domain.Tests.csproj", "{9D094093-31CE-4AE5-AD25-1B747C017717}"
EndProject
Project("{9A19103F-16F7-4668-BE54-9A1E7A4F7556}") = "UserValidation", "UserValidation\UserValidation.csproj", "{1B5D9E77-BB19-4B13-9080-0FE5A1F270C7}"
EndProject
Global
	GlobalSection(SolutionConfigurationPlatforms) = preSolution
		Debug|Any CPU = Debug|Any CPU
		Debug|x64 = Debug|x64
		Debug|x86 = Debug|x86
		Release|Any CPU = Release|Any CPU
		Release|x64 = Release|x64
		Release|x86 = Release|x86
	EndGlobalSection
	GlobalSection(ProjectConfigurationPlatforms) = postSolution
		{965F69B0-6386-4A8A-A96A-73E7E3508707}.Debug|Any CPU.ActiveCfg = Debug|Any CPU
		{965F69B0-6386-4A8A-A96A-73E7E3508707}.Debug|Any CPU.Build.0 = Debug|Any CPU
		{965F69B0-6386-4A8A-A96A-73E7E3508707}.Debug|x64.ActiveCfg = Debug|Any CPU
		{965F69B0-6386-4A8A-A96A-73E7E3508707}.Debug|x64.Build.0 = Debug|Any CPU
		{965F69B0-6386-4A8A-A96A-73E7E3508707}.Debug|x86.ActiveCfg = Debug|Any CPU
		{965F69B0-6386-4A8A-A96A-73E7E3508707}.Debug|x86.Build.0 = Debug|Any CPU
		{965F69B0-6386-4A8A-A96A-73E7E3508707}.Release|Any CPU.ActiveCfg = Release|Any CPU
		{965F69B0-6386-4A8A-A96A-73E7E3508707}.Release|Any CPU.Build.0 = Release|Any CPU
		{965F69B0-6386-4A8A-A96A-73E7E3508707}.Release|x64.ActiveCfg = Release|Any CPU
		{965F69B0-6386-4A8A-A96A-73E7E3508707}.Release|x64.Build.0 = Release|Any CPU
		{965F69B0-6386-4A8A-A96A-73E7E3508707}.Release|x86.ActiveCfg = Release|Any CPU
		{965F69B0-6386-4A8A-A96A-73E7E3508707}.Release|x86.Build.0 = Release|Any CPU
		{626E74DC-8EB1-411D-8F67-20A0169B97B7}.Debug|Any CPU.ActiveCfg = Debug|Any CPU
		{626E74DC-8EB1-411D-8F67-20A0169B97B7}.Debug|Any CPU.Build.0 = Debug|Any CPU
		{626E74DC-8EB1-411D-8F67-20A0169B97B7}.Debug|x64.ActiveCfg = Debug|Any CPU
		{626E74DC-8EB1-411D-8F67-20A0169B97B7}.Debug|x64.Build.0 = Debug|Any CPU
		{626E74DC-8EB1-411D-8F67-20A0169B97B7}.Debug|x86.ActiveCfg = Debug|Any CPU
		{626E74DC-8EB1-411D-8F67-20A0169B97B7}.Debug|x86.Build.0 = Debug|Any CPU
		{626E74DC-8EB1-411D-8F67-20A0169B97B7}.Release|Any CPU.ActiveCfg = Release|Any CPU
		{626E74DC-8EB1-411D-8F67-20A0169B97B7}.Release|Any CPU.Build.0 = Release|Any CPU
		{626E74DC-8EB1-411D-8F67-20A0169B97B7}.Release|x64.ActiveCfg = Release|Any CPU
		{626E74DC-8EB1-411D-8F67-20A0169B97B7}.Release|x64.Build.0 = Release|Any CPU
		{626E74DC-8EB1-411D-8F67-20A0169B97B7}.Release|x86.ActiveCfg = Release|Any CPU
		{626E74DC-8EB1-411D-8F67-20A0169B97B7}.Release|x86.Build.0 = Release|Any CPU
		{AAB6BDBF-7A27-4C53-9745-24ECDBCBEF26}.Debug|Any CPU.ActiveCfg = Debug|Any CPU
		{AAB6BDBF-7A27-4C53-9745-24ECDBCBEF26}.Debug|Any CPU.Build.0 = Debug|Any CPU
		{AAB6BDBF-7A27-4C53-9745-24ECDBCBEF26}.Debug|x64.ActiveCfg = Debug|Any CPU
		{AAB6BDBF-7A27-4C53-9745-24ECDBCBEF26}.Debug|x64.Build.0 = Debug|Any CPU
		{AAB6BDBF-7A27-4C53-9745-24ECDBCBEF26}.Debug|x86.ActiveCfg = Debug|Any CPU
		{AAB6BDBF-7A27-4C53-9745-24ECDBCBEF26}.Debug|x86.Build.0 = Debug|Any CPU
		{AAB6BDBF-7A27-4C53-9745-24ECDBCBEF26}.Release|Any CPU.ActiveCfg = Release|Any CPU
		{AAB6BDBF-7A27-4C53-9745-24ECDBCBEF26}.Release|Any CPU.Build.0 = Release|Any CPU
		{AAB6BDBF-7A27-4C53-9745-24ECDBCBEF26}.Release|x64.ActiveCfg = Release|Any CPU
		{AAB6BDBF-7A27-4C53-9745-24ECDBCBEF26}.Release|x64.Build.0 = Release|Any CPU
		{AAB6BDBF-7A27-4C53-9745-24ECDBCBEF26}.Release|x86.ActiveCfg = Release|Any CPU
		{AAB6BDBF-7A27-4C53-9745-24ECDBCBEF26}.Release|x86.Build.0 = Release|Any CPU
		{C1105803-3D2F-4CE8-8C41-967A3FDB9C4B}.Debug|Any CPU.ActiveCfg = Debug|Any CPU
		{C1105803-3D2F-4CE8-8C41-967A3FDB9C4B}.Debug|Any CPU.Build.0 = Debug|Any CPU
		{C1105803-3D2F-4CE8-8C41-967A3FDB9C4B}.Debug|x64.ActiveCfg = Debug|Any CPU
		{C1105803-3D2F-4CE8-8C41-967A3FDB9C4B}.Debug|x64.Build.0 = Debug|Any CPU
		{C1105803-3D2F-4CE8-8C41-967A3FDB9C4B}.Debug|x86.ActiveCfg = Debug|Any CPU
		{C1105803-3D2F-4CE8-8C41-967A3FDB9C4B}.Debug|x86.Build.0 = Debug|Any CPU
		{C1105803-3D2F-4CE8-8C41-967A3FDB9C4B}.Release|Any CPU.ActiveCfg = Release|Any CPU
		{C1105803-3D2F-4CE8-8C41-967A3FDB9C4B}.Release|Any CPU.Build.0 = Release|Any CPU
		{C1105803-3D2F-4CE8-8C41-967A3FDB9C4B}.Release|x64.ActiveCfg = Release|Any CPU
		{C1105803-3D2F-4CE8-8C41-967A3FDB9C4B}.Release|x64.Build.0 = Release|Any CPU
		{C1105803-3D2F-4CE8-8C41-967A3FDB9C4B}.Release|x86.ActiveCfg = Release|Any CPU
		{C1105803-3D2F-4CE8-8C41-967A3FDB9C4B}.Release|x86.Build.0 = Release|Any CPU
		{BBE0F58A-3B64-4E02-8870-7622B5145EDB}.Debug|Any CPU.ActiveCfg = Debug|Any CPU
		{BBE0F58A-3B64-4E02-8870-7622B5145EDB}.Debug|Any CPU.Build.0 = Debug|Any CPU
		{BBE0F58A-3B64-4E02-8870-7622B5145EDB}.Debug|x64.ActiveCfg = Debug|Any CPU
		{BBE0F58A-3B64-4E02-8870-7622B5145EDB}.Debug|x64.Build.0 = Debug|Any CPU
		{BBE0F58A-3B64-4E02-8870-7622B5145EDB}.Debug|x86.ActiveCfg = Debug|Any CPU
		{BBE0F58A-3B64-4E02-8870-7622B5145EDB}.Debug|x86.Build.0 = Debug|Any CPU
		{BBE0F58A-3B64-4E02-8870-7622B5145EDB}.Release|Any CPU.ActiveCfg = Release|Any CPU
		{BBE0F58A-3B64-4E02-8870-7622B5145EDB}.Release|Any CPU.Build.0 = Release|Any CPU
		{BBE0F58A-3B64-4E02-8870-7622B5145EDB}.Release|x64.ActiveCfg = Release|Any CPU
		{BBE0F58A-3B64-4E02-8870-7622B5145EDB}.Release|x64.Build.0 = Release|Any CPU
		{BBE0F58A-3B64-4E02-8870-7622B5145EDB}.Release|x86.ActiveCfg = Release|Any CPU
		{BBE0F58A-3B64-4E02-8870-7622B5145EDB}.Release|x86.Build.0 = Release|Any CPU
		{1CEA402D-C872-4364-A897-BAC971CE72FA}.Debug|Any CPU.ActiveCfg = Debug|Any CPU
		{1CEA402D-C872-4364-A897-BAC971CE72FA}.Debug|Any CPU.Build.0 = Debug|Any CPU
		{1CEA402D-C872-4364-A897-BAC971CE72FA}.Debug|x64.ActiveCfg = Debug|Any CPU
		{1CEA402D-C872-4364-A897-BAC971CE72FA}.Debug|x64.Build.0 = Debug|Any CPU
		{1CEA402D-C872-4364-A897-BAC971CE72FA}.Debug|x86.ActiveCfg = Debug|Any CPU
		{1CEA402D-C872-4364-A897-BAC971CE72FA}.Debug|x86.Build.0 = Debug|Any CPU
		{1CEA402D-C872-4364-A897-BAC971CE72FA}.Release|Any CPU.ActiveCfg = Release|Any CPU
		{1CEA402D-C872-4364-A897-BAC971CE72FA}.Release|Any CPU.Build.0 = Release|Any CPU
		{1CEA402D-C872-4364-A897-BAC971CE72FA}.Release|x64.ActiveCfg = Release|Any CPU
		{1CEA402D-C872-4364-A897-BAC971CE72FA}.Release|x64.Build.0 = Release|Any CPU
		{1CEA402D-C872-4364-A897-BAC971CE72FA}.Release|x86.ActiveCfg = Release|Any CPU
		{1CEA402D-C872-4364-A897-BAC971CE72FA}.Release|x86.Build.0 = Release|Any CPU
		{A625D9BC-585A-4F89-B5C0-5B58A86888A0}.Debug|Any CPU.ActiveCfg = Debug|Any CPU
		{A625D9BC-585A-4F89-B5C0-5B58A86888A0}.Debug|Any CPU.Build.0 = Debug|Any CPU
		{A625D9BC-585A-4F89-B5C0-5B58A86888A0}.Debug|x64.ActiveCfg = Debug|Any CPU
		{A625D9BC-585A-4F89-B5C0-5B58A86888A0}.Debug|x64.Build.0 = Debug|Any CPU
		{A625D9BC-585A-4F89-B5C0-5B58A86888A0}.Debug|x86.ActiveCfg = Debug|Any CPU
		{A625D9BC-585A-4F89-B5C0-5B58A86888A0}.Debug|x86.Build.0 = Debug|Any CPU
		{A625D9BC-585A-4F89-B5C0-5B58A86888A0}.Release|Any CPU.ActiveCfg = Release|Any CPU
		{A625D9BC-585A-4F89-B5C0-5B58A86888A0}.Release|Any CPU.Build.0 = Release|Any CPU
		{A625D9BC-585A-4F89-B5C0-5B58A86888A0}.Release|x64.ActiveCfg = Release|Any CPU
		{A625D9BC-585A-4F89-B5C0-5B58A86888A0}.Release|x64.Build.0 = Release|Any CPU
		{A625D9BC-585A-4F89-B5C0-5B58A86888A0}.Release|x86.ActiveCfg = Release|Any CPU
		{A625D9BC-585A-4F89-B5C0-5B58A86888A0}.Release|x86.Build.0 = Release|Any CPU
		{93269E7A-9C45-45E4-8957-7C3FBBEB6A09}.Debug|Any CPU.ActiveCfg = Debug|Any CPU
		{93269E7A-9C45-45E4-8957-7C3FBBEB6A09}.Debug|Any CPU.Build.0 = Debug|Any CPU
		{93269E7A-9C45-45E4-8957-7C3FBBEB6A09}.Debug|x64.ActiveCfg = Debug|Any CPU
		{93269E7A-9C45-45E4-8957-7C3FBBEB6A09}.Debug|x64.Build.0 = Debug|Any CPU
		{93269E7A-9C45-45E4-8957-7C3FBBEB6A09}.Debug|x86.ActiveCfg = Debug|Any CPU
		{93269E7A-9C45-45E4-8957-7C3FBBEB6A09}.Debug|x86.Build.0 = Debug|Any CPU
		{93269E7A-9C45-45E4-8957-7C3FBBEB6A09}.Release|Any CPU.ActiveCfg = Release|Any CPU
		{93269E7A-9C45-45E4-8957-7C3FBBEB6A09}.Release|Any CPU.Build.0 = Release|Any CPU
		{93269E7A-9C45-45E4-8957-7C3FBBEB6A09}.Release|x64.ActiveCfg = Release|Any CPU
		{93269E7A-9C45-45E4-8957-7C3FBBEB6A09}.Release|x64.Build.0 = Release|Any CPU
		{93269E7A-9C45-45E4-8957-7C3FBBEB6A09}.Release|x86.ActiveCfg = Release|Any CPU
		{93269E7A-9C45-45E4-8957-7C3FBBEB6A09}.Release|x86.Build.0 = Release|Any CPU
		{DECACDC0-8D06-49BD-8FFF-A5A39AF6331F}.Debug|Any CPU.ActiveCfg = Debug|Any CPU
		{DECACDC0-8D06-49BD-8FFF-A5A39AF6331F}.Debug|Any CPU.Build.0 = Debug|Any CPU
		{DECACDC0-8D06-49BD-8FFF-A5A39AF6331F}.Debug|x64.ActiveCfg = Debug|Any CPU
		{DECACDC0-8D06-49BD-8FFF-A5A39AF6331F}.Debug|x64.Build.0 = Debug|Any CPU
		{DECACDC0-8D06-49BD-8FFF-A5A39AF6331F}.Debug|x86.ActiveCfg = Debug|Any CPU
		{DECACDC0-8D06-49BD-8FFF-A5A39AF6331F}.Debug|x86.Build.0 = Debug|Any CPU
		{DECACDC0-8D06-49BD-8FFF-A5A39AF6331F}.Release|Any CPU.ActiveCfg = Release|Any CPU
		{DECACDC0-8D06-49BD-8FFF-A5A39AF6331F}.Release|Any CPU.Build.0 = Release|Any CPU
		{DECACDC0-8D06-49BD-8FFF-A5A39AF6331F}.Release|x64.ActiveCfg = Release|Any CPU
		{DECACDC0-8D06-49BD-8FFF-A5A39AF6331F}.Release|x64.Build.0 = Release|Any CPU
		{DECACDC0-8D06-49BD-8FFF-A5A39AF6331F}.Release|x86.ActiveCfg = Release|Any CPU
		{DECACDC0-8D06-49BD-8FFF-A5A39AF6331F}.Release|x86.Build.0 = Release|Any CPU
		{75B894A1-16A8-47BF-B055-88530D2AFDCC}.Debug|Any CPU.ActiveCfg = Debug|Any CPU
		{75B894A1-16A8-47BF-B055-88530D2AFDCC}.Debug|Any CPU.Build.0 = Debug|Any CPU
		{75B894A1-16A8-47BF-B055-88530D2AFDCC}.Debug|x64.ActiveCfg = Debug|Any CPU
		{75B894A1-16A8-47BF-B055-88530D2AFDCC}.Debug|x64.Build.0 = Debug|Any CPU
		{75B894A1-16A8-47BF-B055-88530D2AFDCC}.Debug|x86.ActiveCfg = Debug|Any CPU
		{75B894A1-16A8-47BF-B055-88530D2AFDCC}.Debug|x86.Build.0 = Debug|Any CPU
		{75B894A1-16A8-47BF-B055-88530D2AFDCC}.Release|Any CPU.ActiveCfg = Release|Any CPU
		{75B894A1-16A8-47BF-B055-88530D2AFDCC}.Release|Any CPU.Build.0 = Release|Any CPU
		{75B894A1-16A8-47BF-B055-88530D2AFDCC}.Release|x64.ActiveCfg = Release|Any CPU
		{75B894A1-16A8-47BF-B055-88530D2AFDCC}.Release|x64.Build.0 = Release|Any CPU
		{75B894A1-16A8-47BF-B055-88530D2AFDCC}.Release|x86.ActiveCfg = Release|Any CPU
		{75B894A1-16A8-47BF-B055-88530D2AFDCC}.Release|x86.Build.0 = Release|Any CPU
		{9D094093-31CE-4AE5-AD25-1B747C017717}.Debug|Any CPU.ActiveCfg = Debug|Any CPU
		{9D094093-31CE-4AE5-AD25-1B747C017717}.Debug|Any CPU.Build.0 = Debug|Any CPU
		{9D094093-31CE-4AE5-AD25-1B747C017717}.Debug|x64.ActiveCfg = Debug|Any CPU
		{9D094093-31CE-4AE5-AD25-1B747C017717}.Debug|x64.Build.0 = Debug|Any CPU
		{9D094093-31CE-4AE5-AD25-1B747C017717}.Debug|x86.ActiveCfg = Debug|Any CPU
		{9D094093-31CE-4AE5-AD25-1B747C017717}.Debug|x86.Build.0 = Debug|Any CPU
		{9D094093-31CE-4AE5-AD25-1B747C017717}.Release|Any CPU.ActiveCfg = Release|Any CPU
		{9D094093-31CE-4AE5-AD25-1B747C017717}.Release|Any CPU.Build.0 = Release|Any CPU
		{9D094093-31CE-4AE5-AD25-1B747C017717}.Release|x64.ActiveCfg = Release|Any CPU
		{9D094093-31CE-4AE5-AD25-1B747C017717}.Release|x64.Build.0 = Release|Any CPU
		{9D094093-31CE-4AE5-AD25-1B747C017717}.Release|x86.ActiveCfg = Release|Any CPU
		{9D094093-31CE-4AE5-AD25-1B747C017717}.Release|x86.Build.0 = Release|Any CPU
		{1B5D9E77-BB19-4B13-9080-0FE5A1F270C7}.Debug|Any CPU.ActiveCfg = Debug|Any CPU
		{1B5D9E77-BB19-4B13-9080-0FE5A1F270C7}.Debug|Any CPU.Build.0 = Debug|Any CPU
		{1B5D9E77-BB19-4B13-9080-0FE5A1F270C7}.Debug|x64.ActiveCfg = Debug|Any CPU
		{1B5D9E77-BB19-4B13-9080-0FE5A1F270C7}.Debug|x64.Build.0 = Debug|Any CPU
		{1B5D9E77-BB19-4B13-9080-0FE5A1F270C7}.Debug|x86.ActiveCfg = Debug|Any CPU
		{1B5D9E77-BB19-4B13-9080-0FE5A1F270C7}.Debug|x86.Build.0 = Debug|Any CPU
		{1B5D9E77-BB19-4B13-9080-0FE5A1F270C7}.Release|Any CPU.ActiveCfg = Release|Any CPU
		{1B5D9E77-BB19-4B13-9080-0FE5A1F270C7}.Release|Any CPU.Build.0 = Release|Any CPU
		{1B5D9E77-BB19-4B13-9080-0FE5A1F270C7}.Release|x64.ActiveCfg = Release|Any CPU
		{1B5D9E77-BB19-4B13-9080-0FE5A1F270C7}.Release|x64.Build.0 = Release|Any CPU
		{1B5D9E77-BB19-4B13-9080-0FE5A1F270C7}.Release|x86.ActiveCfg = Release|Any CPU
		{1B5D9E77-BB19-4B13-9080-0FE5A1F270C7}.Release|x86.Build.0 = Release|Any CPU
	EndGlobalSection
	GlobalSection(SolutionProperties) = preSolution
		HideSolutionNode = FALSE
	EndGlobalSection
	GlobalSection(ExtensibilityGlobals) = postSolution
		SolutionGuid = {3F9A0606-A612-4D75-96E0-A4065613F083}
	EndGlobalSection
EndGlobal
