
Microsoft Visual Studio Solution File, Format Version 12.00
# Visual Studio Version 17
VisualStudioVersion = 17.5.33530.505
MinimumVisualStudioVersion = 10.0.40219.1
Project("{9A19103F-16F7-4668-BE54-9A1E7A4F7556}") = "Domain", "Domain\Domain.csproj", "{965F69B0-6386-4A8A-A96A-73E7E3508707}"
EndProject
Project("{9A19103F-16F7-4668-BE54-9A1E7A4F7556}") = "InventoryRepo_Project", "InventoryRepo\InventoryRepo_Project.csproj", "{626E74DC-8EB1-411D-8F67-20A0169B97B7}"
EndProject
Project("{9A19103F-16F7-4668-BE54-9A1E7A4F7556}") = "UserSegmentationServiceAdapter_Project", "Segment\UserSegmentationServiceAdapter_Project.csproj", "{AAB6BDBF-7A27-4C53-9745-24ECDBCBEF26}"
EndProject
Project("{9A19103F-16F7-4668-BE54-9A1E7A4F7556}") = "ForecastServiceAdapter_Project", "Forecast\ForecastServiceAdapter_Project.csproj", "{C1105803-3D2F-4CE8-8C41-967A3FDB9C4B}"
EndProject
Project("{9A19103F-16F7-4668-BE54-9A1E7A4F7556}") = "CLI", "CLI\CLI.csproj", "{BBE0F58A-3B64-4E02-8870-7622B5145EDB}"
EndProject
Project("{9A19103F-16F7-4668-BE54-9A1E7A4F7556}") = "ProductBatchLoader_Project", "ProductBatchLoading\ProductBatchLoader_Project.csproj", "{A625D9BC-585A-4F89-B5C0-5B58A86888A0}"
EndProject
Project("{9A19103F-16F7-4668-BE54-9A1E7A4F7556}") = "ProductBatchReader_Project", "ProductBatchReading\ProductBatchReader_Project.csproj", "{93269E7A-9C45-45E4-8957-7C3FBBEB6A09}"
EndProject
Project("{9A19103F-16F7-4668-BE54-9A1E7A4F7556}") = "ReceiptRepo_Project", "ReceiptOfSale\ReceiptRepo_Project.csproj", "{75B894A1-16A8-47BF-B055-88530D2AFDCC}"
EndProject
Project("{9A19103F-16F7-4668-BE54-9A1E7A4F7556}") = "UserRepo_Project", "UserValidation\UserRepo_Project.csproj", "{1B5D9E77-BB19-4B13-9080-0FE5A1F270C7}"
EndProject
Project("{9A19103F-16F7-4668-BE54-9A1E7A4F7556}") = "WebApp", "WebApp\WebApp.csproj", "{BAEE0A86-64AC-4844-9183-C007521F5EFB}"
EndProject
Project("{2150E333-8FDC-42A3-9474-1A3956D46DE8}") = "tests", "tests", "{08B32669-2D03-4593-9CF2-76ACFE37372A}"
EndProject
Project("{9A19103F-16F7-4668-BE54-9A1E7A4F7556}") = "Domain.Tests", "Domain.Tests\Domain.Tests.csproj", "{4337CFD2-AE11-4804-9BFD-3B292A46D4A1}"
EndProject
Project("{9A19103F-16F7-4668-BE54-9A1E7A4F7556}") = "Integration.Tests", "Integration.Tests\Integration.Tests.csproj", "{A067FBFA-9636-45C9-89BB-18BA13B390EB}"
EndProject
Project("{9A19103F-16F7-4668-BE54-9A1E7A4F7556}") = "ProductBatchReader.Tests", "ProductBatchReader.Tests\ProductBatchReader.Tests.csproj", "{336A737B-E2DB-4D32-BA47-9A9EB74CB5AF}"
EndProject
Project("{FAE04EC0-301F-11D3-BF4B-00C04F79EFBC}") = "ReceiptOfSale.Tests", "ReceiptOfSale.Tests\ReceiptOfSale.Tests.csproj", "{2BDCE1FA-1AD0-4973-8498-73596D10419B}"
EndProject
Global
	GlobalSection(SolutionConfigurationPlatforms) = preSolution
		Debug|Any CPU = Debug|Any CPU
		Debug|x64 = Debug|x64
		Debug|x86 = Debug|x86
		Release|Any CPU = Release|Any CPU
		Release|x64 = Release|x64
		Release|x86 = Release|x86
	EndGlobalSection
	GlobalSection(ProjectConfigurationPlatforms) = postSolution
		{965F69B0-6386-4A8A-A96A-73E7E3508707}.Debug|Any CPU.ActiveCfg = Debug|Any CPU
		{965F69B0-6386-4A8A-A96A-73E7E3508707}.Debug|Any CPU.Build.0 = Debug|Any CPU
		{965F69B0-6386-4A8A-A96A-73E7E3508707}.Debug|x64.ActiveCfg = Debug|Any CPU
		{965F69B0-6386-4A8A-A96A-73E7E3508707}.Debug|x64.Build.0 = Debug|Any CPU
		{965F69B0-6386-4A8A-A96A-73E7E3508707}.Debug|x86.ActiveCfg = Debug|Any CPU
		{965F69B0-6386-4A8A-A96A-73E7E3508707}.Debug|x86.Build.0 = Debug|Any CPU
		{965F69B0-6386-4A8A-A96A-73E7E3508707}.Release|Any CPU.ActiveCfg = Release|Any CPU
		{965F69B0-6386-4A8A-A96A-73E7E3508707}.Release|Any CPU.Build.0 = Release|Any CPU
		{965F69B0-6386-4A8A-A96A-73E7E3508707}.Release|x64.ActiveCfg = Release|Any CPU
		{965F69B0-6386-4A8A-A96A-73E7E3508707}.Release|x64.Build.0 = Release|Any CPU
		{965F69B0-6386-4A8A-A96A-73E7E3508707}.Release|x86.ActiveCfg = Release|Any CPU
		{965F69B0-6386-4A8A-A96A-73E7E3508707}.Release|x86.Build.0 = Release|Any CPU
		{626E74DC-8EB1-411D-8F67-20A0169B97B7}.Debug|Any CPU.ActiveCfg = Debug|Any CPU
		{626E74DC-8EB1-411D-8F67-20A0169B97B7}.Debug|Any CPU.Build.0 = Debug|Any CPU
		{626E74DC-8EB1-411D-8F67-20A0169B97B7}.Debug|x64.ActiveCfg = Debug|Any CPU
		{626E74DC-8EB1-411D-8F67-20A0169B97B7}.Debug|x64.Build.0 = Debug|Any CPU
		{626E74DC-8EB1-411D-8F67-20A0169B97B7}.Debug|x86.ActiveCfg = Debug|Any CPU
		{626E74DC-8EB1-411D-8F67-20A0169B97B7}.Debug|x86.Build.0 = Debug|Any CPU
		{626E74DC-8EB1-411D-8F67-20A0169B97B7}.Release|Any CPU.ActiveCfg = Release|Any CPU
		{626E74DC-8EB1-411D-8F67-20A0169B97B7}.Release|Any CPU.Build.0 = Release|Any CPU
		{626E74DC-8EB1-411D-8F67-20A0169B97B7}.Release|x64.ActiveCfg = Release|Any CPU
		{626E74DC-8EB1-411D-8F67-20A0169B97B7}.Release|x64.Build.0 = Release|Any CPU
		{626E74DC-8EB1-411D-8F67-20A0169B97B7}.Release|x86.ActiveCfg = Release|Any CPU
		{626E74DC-8EB1-411D-8F67-20A0169B97B7}.Release|x86.Build.0 = Release|Any CPU
		{AAB6BDBF-7A27-4C53-9745-24ECDBCBEF26}.Debug|Any CPU.ActiveCfg = Debug|Any CPU
		{AAB6BDBF-7A27-4C53-9745-24ECDBCBEF26}.Debug|Any CPU.Build.0 = Debug|Any CPU
		{AAB6BDBF-7A27-4C53-9745-24ECDBCBEF26}.Debug|x64.ActiveCfg = Debug|Any CPU
		{AAB6BDBF-7A27-4C53-9745-24ECDBCBEF26}.Debug|x64.Build.0 = Debug|Any CPU
		{AAB6BDBF-7A27-4C53-9745-24ECDBCBEF26}.Debug|x86.ActiveCfg = Debug|Any CPU
		{AAB6BDBF-7A27-4C53-9745-24ECDBCBEF26}.Debug|x86.Build.0 = Debug|Any CPU
		{AAB6BDBF-7A27-4C53-9745-24ECDBCBEF26}.Release|Any CPU.ActiveCfg = Release|Any CPU
		{AAB6BDBF-7A27-4C53-9745-24ECDBCBEF26}.Release|Any CPU.Build.0 = Release|Any CPU
		{AAB6BDBF-7A27-4C53-9745-24ECDBCBEF26}.Release|x64.ActiveCfg = Release|Any CPU
		{AAB6BDBF-7A27-4C53-9745-24ECDBCBEF26}.Release|x64.Build.0 = Release|Any CPU
		{AAB6BDBF-7A27-4C53-9745-24ECDBCBEF26}.Release|x86.ActiveCfg = Release|Any CPU
		{AAB6BDBF-7A27-4C53-9745-24ECDBCBEF26}.Release|x86.Build.0 = Release|Any CPU
		{C1105803-3D2F-4CE8-8C41-967A3FDB9C4B}.Debug|Any CPU.ActiveCfg = Debug|Any CPU
		{C1105803-3D2F-4CE8-8C41-967A3FDB9C4B}.Debug|Any CPU.Build.0 = Debug|Any CPU
		{C1105803-3D2F-4CE8-8C41-967A3FDB9C4B}.Debug|x64.ActiveCfg = Debug|Any CPU
		{C1105803-3D2F-4CE8-8C41-967A3FDB9C4B}.Debug|x64.Build.0 = Debug|Any CPU
		{C1105803-3D2F-4CE8-8C41-967A3FDB9C4B}.Debug|x86.ActiveCfg = Debug|Any CPU
		{C1105803-3D2F-4CE8-8C41-967A3FDB9C4B}.Debug|x86.Build.0 = Debug|Any CPU
		{C1105803-3D2F-4CE8-8C41-967A3FDB9C4B}.Release|Any CPU.ActiveCfg = Release|Any CPU
		{C1105803-3D2F-4CE8-8C41-967A3FDB9C4B}.Release|Any CPU.Build.0 = Release|Any CPU
		{C1105803-3D2F-4CE8-8C41-967A3FDB9C4B}.Release|x64.ActiveCfg = Release|Any CPU
		{C1105803-3D2F-4CE8-8C41-967A3FDB9C4B}.Release|x64.Build.0 = Release|Any CPU
		{C1105803-3D2F-4CE8-8C41-967A3FDB9C4B}.Release|x86.ActiveCfg = Release|Any CPU
		{C1105803-3D2F-4CE8-8C41-967A3FDB9C4B}.Release|x86.Build.0 = Release|Any CPU
		{BBE0F58A-3B64-4E02-8870-7622B5145EDB}.Debug|Any CPU.ActiveCfg = Debug|Any CPU
		{BBE0F58A-3B64-4E02-8870-7622B5145EDB}.Debug|Any CPU.Build.0 = Debug|Any CPU
		{BBE0F58A-3B64-4E02-8870-7622B5145EDB}.Debug|x64.ActiveCfg = Debug|Any CPU
		{BBE0F58A-3B64-4E02-8870-7622B5145EDB}.Debug|x64.Build.0 = Debug|Any CPU
		{BBE0F58A-3B64-4E02-8870-7622B5145EDB}.Debug|x86.ActiveCfg = Debug|Any CPU
		{BBE0F58A-3B64-4E02-8870-7622B5145EDB}.Debug|x86.Build.0 = Debug|Any CPU
		{BBE0F58A-3B64-4E02-8870-7622B5145EDB}.Release|Any CPU.ActiveCfg = Release|Any CPU
		{BBE0F58A-3B64-4E02-8870-7622B5145EDB}.Release|Any CPU.Build.0 = Release|Any CPU
		{BBE0F58A-3B64-4E02-8870-7622B5145EDB}.Release|x64.ActiveCfg = Release|Any CPU
		{BBE0F58A-3B64-4E02-8870-7622B5145EDB}.Release|x64.Build.0 = Release|Any CPU
		{BBE0F58A-3B64-4E02-8870-7622B5145EDB}.Release|x86.ActiveCfg = Release|Any CPU
		{BBE0F58A-3B64-4E02-8870-7622B5145EDB}.Release|x86.Build.0 = Release|Any CPU
		{A625D9BC-585A-4F89-B5C0-5B58A86888A0}.Debug|Any CPU.ActiveCfg = Debug|Any CPU
		{A625D9BC-585A-4F89-B5C0-5B58A86888A0}.Debug|Any CPU.Build.0 = Debug|Any CPU
		{A625D9BC-585A-4F89-B5C0-5B58A86888A0}.Debug|x64.ActiveCfg = Debug|Any CPU
		{A625D9BC-585A-4F89-B5C0-5B58A86888A0}.Debug|x64.Build.0 = Debug|Any CPU
		{A625D9BC-585A-4F89-B5C0-5B58A86888A0}.Debug|x86.ActiveCfg = Debug|Any CPU
		{A625D9BC-585A-4F89-B5C0-5B58A86888A0}.Debug|x86.Build.0 = Debug|Any CPU
		{A625D9BC-585A-4F89-B5C0-5B58A86888A0}.Release|Any CPU.ActiveCfg = Release|Any CPU
		{A625D9BC-585A-4F89-B5C0-5B58A86888A0}.Release|Any CPU.Build.0 = Release|Any CPU
		{A625D9BC-585A-4F89-B5C0-5B58A86888A0}.Release|x64.ActiveCfg = Release|Any CPU
		{A625D9BC-585A-4F89-B5C0-5B58A86888A0}.Release|x64.Build.0 = Release|Any CPU
		{A625D9BC-585A-4F89-B5C0-5B58A86888A0}.Release|x86.ActiveCfg = Release|Any CPU
		{A625D9BC-585A-4F89-B5C0-5B58A86888A0}.Release|x86.Build.0 = Release|Any CPU
		{93269E7A-9C45-45E4-8957-7C3FBBEB6A09}.Debug|Any CPU.ActiveCfg = Debug|Any CPU
		{93269E7A-9C45-45E4-8957-7C3FBBEB6A09}.Debug|Any CPU.Build.0 = Debug|Any CPU
		{93269E7A-9C45-45E4-8957-7C3FBBEB6A09}.Debug|x64.ActiveCfg = Debug|Any CPU
		{93269E7A-9C45-45E4-8957-7C3FBBEB6A09}.Debug|x64.Build.0 = Debug|Any CPU
		{93269E7A-9C45-45E4-8957-7C3FBBEB6A09}.Debug|x86.ActiveCfg = Debug|Any CPU
		{93269E7A-9C45-45E4-8957-7C3FBBEB6A09}.Debug|x86.Build.0 = Debug|Any CPU
		{93269E7A-9C45-45E4-8957-7C3FBBEB6A09}.Release|Any CPU.ActiveCfg = Release|Any CPU
		{93269E7A-9C45-45E4-8957-7C3FBBEB6A09}.Release|Any CPU.Build.0 = Release|Any CPU
		{93269E7A-9C45-45E4-8957-7C3FBBEB6A09}.Release|x64.ActiveCfg = Release|Any CPU
		{93269E7A-9C45-45E4-8957-7C3FBBEB6A09}.Release|x64.Build.0 = Release|Any CPU
		{93269E7A-9C45-45E4-8957-7C3FBBEB6A09}.Release|x86.ActiveCfg = Release|Any CPU
		{93269E7A-9C45-45E4-8957-7C3FBBEB6A09}.Release|x86.Build.0 = Release|Any CPU
		{75B894A1-16A8-47BF-B055-88530D2AFDCC}.Debug|Any CPU.ActiveCfg = Debug|Any CPU
		{75B894A1-16A8-47BF-B055-88530D2AFDCC}.Debug|Any CPU.Build.0 = Debug|Any CPU
		{75B894A1-16A8-47BF-B055-88530D2AFDCC}.Debug|x64.ActiveCfg = Debug|Any CPU
		{75B894A1-16A8-47BF-B055-88530D2AFDCC}.Debug|x64.Build.0 = Debug|Any CPU
		{75B894A1-16A8-47BF-B055-88530D2AFDCC}.Debug|x86.ActiveCfg = Debug|Any CPU
		{75B894A1-16A8-47BF-B055-88530D2AFDCC}.Debug|x86.Build.0 = Debug|Any CPU
		{75B894A1-16A8-47BF-B055-88530D2AFDCC}.Release|Any CPU.ActiveCfg = Release|Any CPU
		{75B894A1-16A8-47BF-B055-88530D2AFDCC}.Release|Any CPU.Build.0 = Release|Any CPU
		{75B894A1-16A8-47BF-B055-88530D2AFDCC}.Release|x64.ActiveCfg = Release|Any CPU
		{75B894A1-16A8-47BF-B055-88530D2AFDCC}.Release|x64.Build.0 = Release|Any CPU
		{75B894A1-16A8-47BF-B055-88530D2AFDCC}.Release|x86.ActiveCfg = Release|Any CPU
		{75B894A1-16A8-47BF-B055-88530D2AFDCC}.Release|x86.Build.0 = Release|Any CPU
		{1B5D9E77-BB19-4B13-9080-0FE5A1F270C7}.Debug|Any CPU.ActiveCfg = Debug|Any CPU
		{1B5D9E77-BB19-4B13-9080-0FE5A1F270C7}.Debug|Any CPU.Build.0 = Debug|Any CPU
		{1B5D9E77-BB19-4B13-9080-0FE5A1F270C7}.Debug|x64.ActiveCfg = Debug|Any CPU
		{1B5D9E77-BB19-4B13-9080-0FE5A1F270C7}.Debug|x64.Build.0 = Debug|Any CPU
		{1B5D9E77-BB19-4B13-9080-0FE5A1F270C7}.Debug|x86.ActiveCfg = Debug|Any CPU
		{1B5D9E77-BB19-4B13-9080-0FE5A1F270C7}.Debug|x86.Build.0 = Debug|Any CPU
		{1B5D9E77-BB19-4B13-9080-0FE5A1F270C7}.Release|Any CPU.ActiveCfg = Release|Any CPU
		{1B5D9E77-BB19-4B13-9080-0FE5A1F270C7}.Release|Any CPU.Build.0 = Release|Any CPU
		{1B5D9E77-BB19-4B13-9080-0FE5A1F270C7}.Release|x64.ActiveCfg = Release|Any CPU
		{1B5D9E77-BB19-4B13-9080-0FE5A1F270C7}.Release|x64.Build.0 = Release|Any CPU
		{1B5D9E77-BB19-4B13-9080-0FE5A1F270C7}.Release|x86.ActiveCfg = Release|Any CPU
		{1B5D9E77-BB19-4B13-9080-0FE5A1F270C7}.Release|x86.Build.0 = Release|Any CPU
		{BAEE0A86-64AC-4844-9183-C007521F5EFB}.Debug|Any CPU.ActiveCfg = Debug|Any CPU
		{BAEE0A86-64AC-4844-9183-C007521F5EFB}.Debug|Any CPU.Build.0 = Debug|Any CPU
		{BAEE0A86-64AC-4844-9183-C007521F5EFB}.Debug|x64.ActiveCfg = Debug|Any CPU
		{BAEE0A86-64AC-4844-9183-C007521F5EFB}.Debug|x64.Build.0 = Debug|Any CPU
		{BAEE0A86-64AC-4844-9183-C007521F5EFB}.Debug|x86.ActiveCfg = Debug|Any CPU
		{BAEE0A86-64AC-4844-9183-C007521F5EFB}.Debug|x86.Build.0 = Debug|Any CPU
		{BAEE0A86-64AC-4844-9183-C007521F5EFB}.Release|Any CPU.ActiveCfg = Release|Any CPU
		{BAEE0A86-64AC-4844-9183-C007521F5EFB}.Release|Any CPU.Build.0 = Release|Any CPU
		{BAEE0A86-64AC-4844-9183-C007521F5EFB}.Release|x64.ActiveCfg = Release|Any CPU
		{BAEE0A86-64AC-4844-9183-C007521F5EFB}.Release|x64.Build.0 = Release|Any CPU
		{BAEE0A86-64AC-4844-9183-C007521F5EFB}.Release|x86.ActiveCfg = Release|Any CPU
		{BAEE0A86-64AC-4844-9183-C007521F5EFB}.Release|x86.Build.0 = Release|Any CPU
		{4337CFD2-AE11-4804-9BFD-3B292A46D4A1}.Debug|Any CPU.ActiveCfg = Debug|Any CPU
		{4337CFD2-AE11-4804-9BFD-3B292A46D4A1}.Debug|Any CPU.Build.0 = Debug|Any CPU
		{4337CFD2-AE11-4804-9BFD-3B292A46D4A1}.Debug|x64.ActiveCfg = Debug|Any CPU
		{4337CFD2-AE11-4804-9BFD-3B292A46D4A1}.Debug|x64.Build.0 = Debug|Any CPU
		{4337CFD2-AE11-4804-9BFD-3B292A46D4A1}.Debug|x86.ActiveCfg = Debug|Any CPU
		{4337CFD2-AE11-4804-9BFD-3B292A46D4A1}.Debug|x86.Build.0 = Debug|Any CPU
		{4337CFD2-AE11-4804-9BFD-3B292A46D4A1}.Release|Any CPU.ActiveCfg = Release|Any CPU
		{4337CFD2-AE11-4804-9BFD-3B292A46D4A1}.Release|Any CPU.Build.0 = Release|Any CPU
		{4337CFD2-AE11-4804-9BFD-3B292A46D4A1}.Release|x64.ActiveCfg = Release|Any CPU
		{4337CFD2-AE11-4804-9BFD-3B292A46D4A1}.Release|x64.Build.0 = Release|Any CPU
		{4337CFD2-AE11-4804-9BFD-3B292A46D4A1}.Release|x86.ActiveCfg = Release|Any CPU
		{4337CFD2-AE11-4804-9BFD-3B292A46D4A1}.Release|x86.Build.0 = Release|Any CPU
		{A067FBFA-9636-45C9-89BB-18BA13B390EB}.Debug|Any CPU.ActiveCfg = Debug|Any CPU
		{A067FBFA-9636-45C9-89BB-18BA13B390EB}.Debug|Any CPU.Build.0 = Debug|Any CPU
		{A067FBFA-9636-45C9-89BB-18BA13B390EB}.Debug|x64.ActiveCfg = Debug|Any CPU
		{A067FBFA-9636-45C9-89BB-18BA13B390EB}.Debug|x64.Build.0 = Debug|Any CPU
		{A067FBFA-9636-45C9-89BB-18BA13B390EB}.Debug|x86.ActiveCfg = Debug|Any CPU
		{A067FBFA-9636-45C9-89BB-18BA13B390EB}.Debug|x86.Build.0 = Debug|Any CPU
		{A067FBFA-9636-45C9-89BB-18BA13B390EB}.Release|Any CPU.ActiveCfg = Release|Any CPU
		{A067FBFA-9636-45C9-89BB-18BA13B390EB}.Release|Any CPU.Build.0 = Release|Any CPU
		{A067FBFA-9636-45C9-89BB-18BA13B390EB}.Release|x64.ActiveCfg = Release|Any CPU
		{A067FBFA-9636-45C9-89BB-18BA13B390EB}.Release|x64.Build.0 = Release|Any CPU
		{A067FBFA-9636-45C9-89BB-18BA13B390EB}.Release|x86.ActiveCfg = Release|Any CPU
		{A067FBFA-9636-45C9-89BB-18BA13B390EB}.Release|x86.Build.0 = Release|Any CPU
		{336A737B-E2DB-4D32-BA47-9A9EB74CB5AF}.Debug|Any CPU.ActiveCfg = Debug|Any CPU
		{336A737B-E2DB-4D32-BA47-9A9EB74CB5AF}.Debug|Any CPU.Build.0 = Debug|Any CPU
		{336A737B-E2DB-4D32-BA47-9A9EB74CB5AF}.Debug|x64.ActiveCfg = Debug|Any CPU
		{336A737B-E2DB-4D32-BA47-9A9EB74CB5AF}.Debug|x64.Build.0 = Debug|Any CPU
		{336A737B-E2DB-4D32-BA47-9A9EB74CB5AF}.Debug|x86.ActiveCfg = Debug|Any CPU
		{336A737B-E2DB-4D32-BA47-9A9EB74CB5AF}.Debug|x86.Build.0 = Debug|Any CPU
		{336A737B-E2DB-4D32-BA47-9A9EB74CB5AF}.Release|Any CPU.ActiveCfg = Release|Any CPU
		{336A737B-E2DB-4D32-BA47-9A9EB74CB5AF}.Release|Any CPU.Build.0 = Release|Any CPU
		{336A737B-E2DB-4D32-BA47-9A9EB74CB5AF}.Release|x64.ActiveCfg = Release|Any CPU
		{336A737B-E2DB-4D32-BA47-9A9EB74CB5AF}.Release|x64.Build.0 = Release|Any CPU
		{336A737B-E2DB-4D32-BA47-9A9EB74CB5AF}.Release|x86.ActiveCfg = Release|Any CPU
		{336A737B-E2DB-4D32-BA47-9A9EB74CB5AF}.Release|x86.Build.0 = Release|Any CPU
		{2BDCE1FA-1AD0-4973-8498-73596D10419B}.Debug|Any CPU.ActiveCfg = Debug|Any CPU
		{2BDCE1FA-1AD0-4973-8498-73596D10419B}.Debug|Any CPU.Build.0 = Debug|Any CPU
		{2BDCE1FA-1AD0-4973-8498-73596D10419B}.Debug|x64.ActiveCfg = Debug|Any CPU
		{2BDCE1FA-1AD0-4973-8498-73596D10419B}.Debug|x64.Build.0 = Debug|Any CPU
		{2BDCE1FA-1AD0-4973-8498-73596D10419B}.Debug|x86.ActiveCfg = Debug|Any CPU
		{2BDCE1FA-1AD0-4973-8498-73596D10419B}.Debug|x86.Build.0 = Debug|Any CPU
		{2BDCE1FA-1AD0-4973-8498-73596D10419B}.Release|Any CPU.ActiveCfg = Release|Any CPU
		{2BDCE1FA-1AD0-4973-8498-73596D10419B}.Release|Any CPU.Build.0 = Release|Any CPU
		{2BDCE1FA-1AD0-4973-8498-73596D10419B}.Release|x64.ActiveCfg = Release|Any CPU
		{2BDCE1FA-1AD0-4973-8498-73596D10419B}.Release|x64.Build.0 = Release|Any CPU
		{2BDCE1FA-1AD0-4973-8498-73596D10419B}.Release|x86.ActiveCfg = Release|Any CPU
		{2BDCE1FA-1AD0-4973-8498-73596D10419B}.Release|x86.Build.0 = Release|Any CPU
	EndGlobalSection
	GlobalSection(SolutionProperties) = preSolution
		HideSolutionNode = FALSE
	EndGlobalSection
	GlobalSection(NestedProjects) = preSolution
		{4337CFD2-AE11-4804-9BFD-3B292A46D4A1} = {08B32669-2D03-4593-9CF2-76ACFE37372A}
		{A067FBFA-9636-45C9-89BB-18BA13B390EB} = {08B32669-2D03-4593-9CF2-76ACFE37372A}
		{336A737B-E2DB-4D32-BA47-9A9EB74CB5AF} = {08B32669-2D03-4593-9CF2-76ACFE37372A}
		{2BDCE1FA-1AD0-4973-8498-73596D10419B} = {08B32669-2D03-4593-9CF2-76ACFE37372A}
	EndGlobalSection
	GlobalSection(ExtensibilityGlobals) = postSolution
		SolutionGuid = {3F9A0606-A612-4D75-96E0-A4065613F083}
	EndGlobalSection
EndGlobal
